
Microsoft Visual Studio Solution File, Format Version 11.00
# Visual Studio 2010
Project("{E24C65DC-7377-472B-9ABA-BC803B73C61A}") = "TriNUGMobile", "D:\Work\TriNUGMobile\", "{7EE9E4FD-644A-4672-993B-1137A1392BEF}"
	ProjectSection(WebsiteProperties) = preProject
		TargetFrameworkMoniker = ".NETFramework,Version%3Dv4.0"
		Debug.AspNetCompiler.VirtualPath = "/TriNUGMobile"
		Debug.AspNetCompiler.PhysicalPath = "D:\Work\TriNUGMobile\"
		Debug.AspNetCompiler.TargetPath = "PrecompiledWeb\TriNUGMobile\"
		Debug.AspNetCompiler.Updateable = "true"
		Debug.AspNetCompiler.ForceOverwrite = "true"
		Debug.AspNetCompiler.FixedNames = "false"
		Debug.AspNetCompiler.Debug = "True"
		Release.AspNetCompiler.VirtualPath = "/TriNUGMobile"
		Release.AspNetCompiler.PhysicalPath = "D:\Work\TriNUGMobile\"
		Release.AspNetCompiler.TargetPath = "PrecompiledWeb\TriNUGMobile\"
		Release.AspNetCompiler.Updateable = "true"
		Release.AspNetCompiler.ForceOverwrite = "true"
		Release.AspNetCompiler.FixedNames = "false"
		Release.AspNetCompiler.Debug = "False"
		VWDPort = "3815"
		DefaultWebSiteLanguage = "Visual C#"
	EndProjectSection
EndProject
Project("{FAE04EC0-301F-11D3-BF4B-00C04F79EFBC}") = "Project2", "C:\Users\Justin\Documents\Visual Studio 2010\Projects\TriNUGMobile\Project2\Project2.csproj", "{854AD247-BB89-4542-A8B9-EA34CBF8F27B}"
EndProject
Global
	GlobalSection(SolutionConfigurationPlatforms) = preSolution
		Debug|Any CPU = Debug|Any CPU
		Debug|Mixed Platforms = Debug|Mixed Platforms
		Debug|x86 = Debug|x86
		Release|Any CPU = Release|Any CPU
		Release|Mixed Platforms = Release|Mixed Platforms
		Release|x86 = Release|x86
	EndGlobalSection
	GlobalSection(ProjectConfigurationPlatforms) = postSolution
		{7EE9E4FD-644A-4672-993B-1137A1392BEF}.Debug|Any CPU.ActiveCfg = Debug|Any CPU
		{7EE9E4FD-644A-4672-993B-1137A1392BEF}.Debug|Any CPU.Build.0 = Debug|Any CPU
		{7EE9E4FD-644A-4672-993B-1137A1392BEF}.Debug|Mixed Platforms.ActiveCfg = Debug|Any CPU
		{7EE9E4FD-644A-4672-993B-1137A1392BEF}.Debug|Mixed Platforms.Build.0 = Debug|Any CPU
		{7EE9E4FD-644A-4672-993B-1137A1392BEF}.Debug|x86.ActiveCfg = Debug|Any CPU
		{7EE9E4FD-644A-4672-993B-1137A1392BEF}.Release|Any CPU.ActiveCfg = Debug|Any CPU
		{7EE9E4FD-644A-4672-993B-1137A1392BEF}.Release|Any CPU.Build.0 = Debug|Any CPU
		{7EE9E4FD-644A-4672-993B-1137A1392BEF}.Release|Mixed Platforms.ActiveCfg = Debug|Any CPU
		{7EE9E4FD-644A-4672-993B-1137A1392BEF}.Release|Mixed Platforms.Build.0 = Debug|Any CPU
		{7EE9E4FD-644A-4672-993B-1137A1392BEF}.Release|x86.ActiveCfg = Debug|Any CPU
		{854AD247-BB89-4542-A8B9-EA34CBF8F27B}.Debug|Any CPU.ActiveCfg = Debug|x86
		{854AD247-BB89-4542-A8B9-EA34CBF8F27B}.Debug|Mixed Platforms.ActiveCfg = Debug|x86
		{854AD247-BB89-4542-A8B9-EA34CBF8F27B}.Debug|Mixed Platforms.Build.0 = Debug|x86
		{854AD247-BB89-4542-A8B9-EA34CBF8F27B}.Debug|x86.ActiveCfg = Debug|x86
		{854AD247-BB89-4542-A8B9-EA34CBF8F27B}.Debug|x86.Build.0 = Debug|x86
		{854AD247-BB89-4542-A8B9-EA34CBF8F27B}.Release|Any CPU.ActiveCfg = Release|x86
		{854AD247-BB89-4542-A8B9-EA34CBF8F27B}.Release|Mixed Platforms.ActiveCfg = Release|x86
		{854AD247-BB89-4542-A8B9-EA34CBF8F27B}.Release|Mixed Platforms.Build.0 = Release|x86
		{854AD247-BB89-4542-A8B9-EA34CBF8F27B}.Release|x86.ActiveCfg = Release|x86
		{854AD247-BB89-4542-A8B9-EA34CBF8F27B}.Release|x86.Build.0 = Release|x86
	EndGlobalSection
	GlobalSection(SolutionProperties) = preSolution
		HideSolutionNode = FALSE
	EndGlobalSection
EndGlobal
